
Microsoft Visual Studio Solution File, Format Version 12.00
# Visual Studio Version 17
VisualStudioVersion = 17.7.34221.43
MinimumVisualStudioVersion = 10.0.40219.1
Project("{FAE04EC0-301F-11D3-BF4B-00C04F79EFBC}") = "appFP", "appFP\appFP.csproj", "{ABA84286-5D22-42A0-9BB2-D9B9E9ECBE76}"
EndProject
Global
	GlobalSection(SolutionConfigurationPlatforms) = preSolution
		Debug|Any CPU = Debug|Any CPU
		Release|Any CPU = Release|Any CPU
	EndGlobalSection
	GlobalSection(ProjectConfigurationPlatforms) = postSolution
		{ABA84286-5D22-42A0-9BB2-D9B9E9ECBE76}.Debug|Any CPU.ActiveCfg = Debug|Any CPU
		{ABA84286-5D22-42A0-9BB2-D9B9E9ECBE76}.Debug|Any CPU.Build.0 = Debug|Any CPU
		{ABA84286-5D22-42A0-9BB2-D9B9E9ECBE76}.Release|Any CPU.ActiveCfg = Release|Any CPU
		{ABA84286-5D22-42A0-9BB2-D9B9E9ECBE76}.Release|Any CPU.Build.0 = Release|Any CPU
	EndGlobalSection
	GlobalSection(SolutionProperties) = preSolution
		HideSolutionNode = FALSE
	EndGlobalSection
	GlobalSection(ExtensibilityGlobals) = postSolution
		SolutionGuid = {531EE745-55DC-43DC-8609-62BF76E557F4}
	EndGlobalSection
EndGlobal
